
Microsoft Visual Studio Solution File, Format Version 12.00
# Visual Studio Version 17
VisualStudioVersion = 17.0.32014.148
MinimumVisualStudioVersion = 10.0.40219.1
Project("{2150E333-8FDC-42A3-9474-1A3956D46DE8}") = "src", "src", "{A6E66CAA-28F5-41C3-A022-F56530DE9491}"
EndProject
Project("{2150E333-8FDC-42A3-9474-1A3956D46DE8}") = "tests", "tests", "{3689A778-8C08-489C-A680-48DCD550F49C}"
EndProject
Project("{2150E333-8FDC-42A3-9474-1A3956D46DE8}") = "Solution Items", "Solution Items", "{448C93E0-1C90-488D-8D87-D38A34C993EB}"
	ProjectSection(SolutionItems) = preProject
		.editorconfig = .editorconfig
		.gitattributes = .gitattributes
		.gitignore = .gitignore
		Directory.Build.props = Directory.Build.props
		Directory.Build.targets = Directory.Build.targets
		Directory.Packages.props = Directory.Packages.props
		global.json = global.json
	EndProjectSection
EndProject
Project("{9A19103F-16F7-4668-BE54-9A1E7A4F7556}") = "Core", "src\Core\Core.csproj", "{BC94EA9D-8D53-4C28-8DA1-5AEDCB8B16A6}"
EndProject
Project("{9A19103F-16F7-4668-BE54-9A1E7A4F7556}") = "WebApi", "src\WebApi\WebApi.csproj", "{F930B30D-645F-49A1-BF26-59342EBC366F}"
EndProject
Project("{9A19103F-16F7-4668-BE54-9A1E7A4F7556}") = "EPPlusWrapper", "src\EPPlusWrapper\EPPlusWrapper.csproj", "{3FFFBB3B-DA65-4675-81B1-9C3145443714}"
EndProject
Project("{9A19103F-16F7-4668-BE54-9A1E7A4F7556}") = "Logging", "src\Logging\Logging.csproj", "{C9B99B9D-E6D8-452A-88FB-A935FDC84E15}"
EndProject
Project("{9A19103F-16F7-4668-BE54-9A1E7A4F7556}") = "Core.Tests", "tests\Core.Tests\Core.Tests.csproj", "{C6E5382D-E868-46DB-8909-A524C23BC59C}"
EndProject
Project("{FAE04EC0-301F-11D3-BF4B-00C04F79EFBC}") = "EPPlusWrapper.Tests", "tests\EPPlusWrapper.Tests\EPPlusWrapper.Tests.csproj", "{4581888D-B191-4F6A-B1C6-7085EF8A48E3}"
EndProject
Global
	GlobalSection(SolutionConfigurationPlatforms) = preSolution
		Debug|Any CPU = Debug|Any CPU
		Release|Any CPU = Release|Any CPU
	EndGlobalSection
	GlobalSection(ProjectConfigurationPlatforms) = postSolution
		{BC94EA9D-8D53-4C28-8DA1-5AEDCB8B16A6}.Debug|Any CPU.ActiveCfg = Debug|Any CPU
		{BC94EA9D-8D53-4C28-8DA1-5AEDCB8B16A6}.Debug|Any CPU.Build.0 = Debug|Any CPU
		{BC94EA9D-8D53-4C28-8DA1-5AEDCB8B16A6}.Release|Any CPU.ActiveCfg = Release|Any CPU
		{BC94EA9D-8D53-4C28-8DA1-5AEDCB8B16A6}.Release|Any CPU.Build.0 = Release|Any CPU
		{F930B30D-645F-49A1-BF26-59342EBC366F}.Debug|Any CPU.ActiveCfg = Debug|Any CPU
		{F930B30D-645F-49A1-BF26-59342EBC366F}.Debug|Any CPU.Build.0 = Debug|Any CPU
		{F930B30D-645F-49A1-BF26-59342EBC366F}.Release|Any CPU.ActiveCfg = Release|Any CPU
		{F930B30D-645F-49A1-BF26-59342EBC366F}.Release|Any CPU.Build.0 = Release|Any CPU
		{3FFFBB3B-DA65-4675-81B1-9C3145443714}.Debug|Any CPU.ActiveCfg = Debug|Any CPU
		{3FFFBB3B-DA65-4675-81B1-9C3145443714}.Debug|Any CPU.Build.0 = Debug|Any CPU
		{3FFFBB3B-DA65-4675-81B1-9C3145443714}.Release|Any CPU.ActiveCfg = Release|Any CPU
		{3FFFBB3B-DA65-4675-81B1-9C3145443714}.Release|Any CPU.Build.0 = Release|Any CPU
		{C9B99B9D-E6D8-452A-88FB-A935FDC84E15}.Debug|Any CPU.ActiveCfg = Debug|Any CPU
		{C9B99B9D-E6D8-452A-88FB-A935FDC84E15}.Debug|Any CPU.Build.0 = Debug|Any CPU
		{C9B99B9D-E6D8-452A-88FB-A935FDC84E15}.Release|Any CPU.ActiveCfg = Release|Any CPU
		{C9B99B9D-E6D8-452A-88FB-A935FDC84E15}.Release|Any CPU.Build.0 = Release|Any CPU
		{C6E5382D-E868-46DB-8909-A524C23BC59C}.Debug|Any CPU.ActiveCfg = Debug|Any CPU
		{C6E5382D-E868-46DB-8909-A524C23BC59C}.Debug|Any CPU.Build.0 = Debug|Any CPU
		{C6E5382D-E868-46DB-8909-A524C23BC59C}.Release|Any CPU.ActiveCfg = Release|Any CPU
		{C6E5382D-E868-46DB-8909-A524C23BC59C}.Release|Any CPU.Build.0 = Release|Any CPU
		{4581888D-B191-4F6A-B1C6-7085EF8A48E3}.Debug|Any CPU.ActiveCfg = Debug|Any CPU
		{4581888D-B191-4F6A-B1C6-7085EF8A48E3}.Debug|Any CPU.Build.0 = Debug|Any CPU
		{4581888D-B191-4F6A-B1C6-7085EF8A48E3}.Release|Any CPU.ActiveCfg = Release|Any CPU
		{4581888D-B191-4F6A-B1C6-7085EF8A48E3}.Release|Any CPU.Build.0 = Release|Any CPU
	EndGlobalSection
	GlobalSection(SolutionProperties) = preSolution
		HideSolutionNode = FALSE
	EndGlobalSection
	GlobalSection(NestedProjects) = preSolution
		{BC94EA9D-8D53-4C28-8DA1-5AEDCB8B16A6} = {A6E66CAA-28F5-41C3-A022-F56530DE9491}
		{F930B30D-645F-49A1-BF26-59342EBC366F} = {A6E66CAA-28F5-41C3-A022-F56530DE9491}
		{3FFFBB3B-DA65-4675-81B1-9C3145443714} = {A6E66CAA-28F5-41C3-A022-F56530DE9491}
		{C9B99B9D-E6D8-452A-88FB-A935FDC84E15} = {A6E66CAA-28F5-41C3-A022-F56530DE9491}
		{C6E5382D-E868-46DB-8909-A524C23BC59C} = {3689A778-8C08-489C-A680-48DCD550F49C}
		{4581888D-B191-4F6A-B1C6-7085EF8A48E3} = {3689A778-8C08-489C-A680-48DCD550F49C}
	EndGlobalSection
	GlobalSection(ExtensibilityGlobals) = postSolution
		SolutionGuid = {0A5DFDC1-E3C0-4848-AA57-928D2F3ED8FE}
	EndGlobalSection
EndGlobal
