
Microsoft Visual Studio Solution File, Format Version 12.00
# Visual Studio Version 17
VisualStudioVersion = 17.0.32014.148
MinimumVisualStudioVersion = 10.0.40219.1
Project("{2150E333-8FDC-42A3-9474-1A3956D46DE8}") = "src", "src", "{A6E66CAA-28F5-41C3-A022-F56530DE9491}"
EndProject
Project("{2150E333-8FDC-42A3-9474-1A3956D46DE8}") = "tests", "tests", "{3689A778-8C08-489C-A680-48DCD550F49C}"
EndProject
Project("{2150E333-8FDC-42A3-9474-1A3956D46DE8}") = "Solution Items", "Solution Items", "{448C93E0-1C90-488D-8D87-D38A34C993EB}"
	ProjectSection(SolutionItems) = preProject
		.editorconfig = .editorconfig
		.gitattributes = .gitattributes
		.gitignore = .gitignore
		Directory.Build.props = Directory.Build.props
		Directory.Build.targets = Directory.Build.targets
		Directory.Packages.props = Directory.Packages.props
	EndProjectSection
EndProject
Project("{9A19103F-16F7-4668-BE54-9A1E7A4F7556}") = "Lary.Laboratory.Core", "src\Lary.Laboratory.Core\Lary.Laboratory.Core.csproj", "{BC94EA9D-8D53-4C28-8DA1-5AEDCB8B16A6}"
EndProject
Project("{9A19103F-16F7-4668-BE54-9A1E7A4F7556}") = "Lary.Laboratory.Core.Tests", "tests\Lary.Laboratory.Core.Tests\Lary.Laboratory.Core.Tests.csproj", "{282D4BA7-264E-4C0B-9593-8082B0B4F7C8}"
EndProject
Project("{9A19103F-16F7-4668-BE54-9A1E7A4F7556}") = "Lary.Laboratory.WebApi", "src\Lary.Laboratory.WebApi\Lary.Laboratory.WebApi.csproj", "{F930B30D-645F-49A1-BF26-59342EBC366F}"
EndProject
Project("{9A19103F-16F7-4668-BE54-9A1E7A4F7556}") = "Lary.Laboratory.EPPlusWrapper", "src\Lary.Laboratory.EPPlusWrapper\Lary.Laboratory.EPPlusWrapper.csproj", "{3FFFBB3B-DA65-4675-81B1-9C3145443714}"
EndProject
Project("{9A19103F-16F7-4668-BE54-9A1E7A4F7556}") = "Lary.Laboratory.EPPlusWrapper.Tests", "tests\Lary.Laboratory.EPPlusWrapper.Tests\Lary.Laboratory.EPPlusWrapper.Tests.csproj", "{95A39AB1-1D7A-4561-B5D1-358527F37B8B}"
EndProject
Project("{9A19103F-16F7-4668-BE54-9A1E7A4F7556}") = "Lary.Laboratory.Logging", "src\Lary.Laboratory.Logging\Lary.Laboratory.Logging.csproj", "{C9B99B9D-E6D8-452A-88FB-A935FDC84E15}"
EndProject
Project("{9A19103F-16F7-4668-BE54-9A1E7A4F7556}") = "Lary.Laboratory.Logging.Sample", "tests\Lary.Laboratory.Logging.Sample\Lary.Laboratory.Logging.Sample.csproj", "{CF580475-9690-407B-B475-605C13FBA60B}"
EndProject
Global
	GlobalSection(SolutionConfigurationPlatforms) = preSolution
		Debug|Any CPU = Debug|Any CPU
		Release|Any CPU = Release|Any CPU
	EndGlobalSection
	GlobalSection(ProjectConfigurationPlatforms) = postSolution
		{BC94EA9D-8D53-4C28-8DA1-5AEDCB8B16A6}.Debug|Any CPU.ActiveCfg = Debug|Any CPU
		{BC94EA9D-8D53-4C28-8DA1-5AEDCB8B16A6}.Debug|Any CPU.Build.0 = Debug|Any CPU
		{BC94EA9D-8D53-4C28-8DA1-5AEDCB8B16A6}.Release|Any CPU.ActiveCfg = Release|Any CPU
		{BC94EA9D-8D53-4C28-8DA1-5AEDCB8B16A6}.Release|Any CPU.Build.0 = Release|Any CPU
		{282D4BA7-264E-4C0B-9593-8082B0B4F7C8}.Debug|Any CPU.ActiveCfg = Debug|Any CPU
		{282D4BA7-264E-4C0B-9593-8082B0B4F7C8}.Debug|Any CPU.Build.0 = Debug|Any CPU
		{282D4BA7-264E-4C0B-9593-8082B0B4F7C8}.Release|Any CPU.ActiveCfg = Release|Any CPU
		{282D4BA7-264E-4C0B-9593-8082B0B4F7C8}.Release|Any CPU.Build.0 = Release|Any CPU
		{F930B30D-645F-49A1-BF26-59342EBC366F}.Debug|Any CPU.ActiveCfg = Debug|Any CPU
		{F930B30D-645F-49A1-BF26-59342EBC366F}.Debug|Any CPU.Build.0 = Debug|Any CPU
		{F930B30D-645F-49A1-BF26-59342EBC366F}.Release|Any CPU.ActiveCfg = Release|Any CPU
		{F930B30D-645F-49A1-BF26-59342EBC366F}.Release|Any CPU.Build.0 = Release|Any CPU
		{3FFFBB3B-DA65-4675-81B1-9C3145443714}.Debug|Any CPU.ActiveCfg = Debug|Any CPU
		{3FFFBB3B-DA65-4675-81B1-9C3145443714}.Debug|Any CPU.Build.0 = Debug|Any CPU
		{3FFFBB3B-DA65-4675-81B1-9C3145443714}.Release|Any CPU.ActiveCfg = Release|Any CPU
		{3FFFBB3B-DA65-4675-81B1-9C3145443714}.Release|Any CPU.Build.0 = Release|Any CPU
		{95A39AB1-1D7A-4561-B5D1-358527F37B8B}.Debug|Any CPU.ActiveCfg = Debug|Any CPU
		{95A39AB1-1D7A-4561-B5D1-358527F37B8B}.Debug|Any CPU.Build.0 = Debug|Any CPU
		{95A39AB1-1D7A-4561-B5D1-358527F37B8B}.Release|Any CPU.ActiveCfg = Release|Any CPU
		{95A39AB1-1D7A-4561-B5D1-358527F37B8B}.Release|Any CPU.Build.0 = Release|Any CPU
		{C9B99B9D-E6D8-452A-88FB-A935FDC84E15}.Debug|Any CPU.ActiveCfg = Debug|Any CPU
		{C9B99B9D-E6D8-452A-88FB-A935FDC84E15}.Debug|Any CPU.Build.0 = Debug|Any CPU
		{C9B99B9D-E6D8-452A-88FB-A935FDC84E15}.Release|Any CPU.ActiveCfg = Release|Any CPU
		{C9B99B9D-E6D8-452A-88FB-A935FDC84E15}.Release|Any CPU.Build.0 = Release|Any CPU
		{CF580475-9690-407B-B475-605C13FBA60B}.Debug|Any CPU.ActiveCfg = Debug|Any CPU
		{CF580475-9690-407B-B475-605C13FBA60B}.Debug|Any CPU.Build.0 = Debug|Any CPU
		{CF580475-9690-407B-B475-605C13FBA60B}.Release|Any CPU.ActiveCfg = Release|Any CPU
		{CF580475-9690-407B-B475-605C13FBA60B}.Release|Any CPU.Build.0 = Release|Any CPU
	EndGlobalSection
	GlobalSection(SolutionProperties) = preSolution
		HideSolutionNode = FALSE
	EndGlobalSection
	GlobalSection(NestedProjects) = preSolution
		{BC94EA9D-8D53-4C28-8DA1-5AEDCB8B16A6} = {A6E66CAA-28F5-41C3-A022-F56530DE9491}
		{282D4BA7-264E-4C0B-9593-8082B0B4F7C8} = {3689A778-8C08-489C-A680-48DCD550F49C}
		{F930B30D-645F-49A1-BF26-59342EBC366F} = {A6E66CAA-28F5-41C3-A022-F56530DE9491}
		{3FFFBB3B-DA65-4675-81B1-9C3145443714} = {A6E66CAA-28F5-41C3-A022-F56530DE9491}
		{95A39AB1-1D7A-4561-B5D1-358527F37B8B} = {3689A778-8C08-489C-A680-48DCD550F49C}
		{C9B99B9D-E6D8-452A-88FB-A935FDC84E15} = {A6E66CAA-28F5-41C3-A022-F56530DE9491}
		{CF580475-9690-407B-B475-605C13FBA60B} = {3689A778-8C08-489C-A680-48DCD550F49C}
	EndGlobalSection
	GlobalSection(ExtensibilityGlobals) = postSolution
		SolutionGuid = {0A5DFDC1-E3C0-4848-AA57-928D2F3ED8FE}
	EndGlobalSection
EndGlobal
